<?xml version="1.0" encoding="utf-8"?>
<Project ToolsVersion="4.0" xmlns="http://schemas.microsoft.com/developer/msbuild/2003">
  <ItemGroup>
    <Filter Include="Source Files">
      <UniqueIdentifier>{4FC737F1-C7A5-4376-A066-2A32D752A2FF}</UniqueIdentifier>
      <Extensions>cpp;c;cc;cxx;def;odl;idl;hpj;bat;asm;asmx</Extensions>
    </Filter>
    <Filter Include="Header Files">
      <UniqueIdentifier>{93995380-89BD-4b04-88EB-625FBE52EBFB}</UniqueIdentifier>
      <Extensions>h;hh;hpp;hxx;hm;inl;inc;xsd</Extensions>
    </Filter>
    <Filter Include="Resource Files">
      <UniqueIdentifier>{67DA6AB6-F800-4c08-8B7A-83BB121AAD01}</UniqueIdentifier>
      <Extensions>rc;ico;cur;bmp;dlg;rc2;rct;bin;rgs;gif;jpg;jpeg;jpe;resx;tiff;tif;png;wav;mfcribbon-ms</Extensions>
    </Filter>
    <Filter Include="Source Files\framework">
      <UniqueIdentifier>{44ac92c2-ed2d-46ae-8b24-c67966c7332f}</UniqueIdentifier>
    </Filter>
    <Filter Include="Source Files\framework\base">
      <UniqueIdentifier>{1273793a-b587-4810-90bc-4f5013682d3c}</UniqueIdentifier>
    </Filter>
    <Filter Include="Source Files\scenes">
      <UniqueIdentifier>{2464827f-f56f-4d7e-b331-56c5a6005d42}</UniqueIdentifier>
    </Filter>
    <Filter Include="Source Files\framework\geometry">
      <UniqueIdentifier>{3af806c1-757f-4900-a845-1b7df23a4fed}</UniqueIdentifier>
    </Filter>
    <Filter Include="Source Files\framework\renderer">
      <UniqueIdentifier>{9e6fac08-5350-47f1-ade8-f7892268b8d2}</UniqueIdentifier>
    </Filter>
  </ItemGroup>
  <ItemGroup>
    <ClCompile Include="main.cpp">
      <Filter>Source Files</Filter>
    </ClCompile>
    <ClCompile Include="Framework\Game.cpp">
      <Filter>Source Files\framework</Filter>
    </ClCompile>
    <ClCompile Include="Framework\WindowsHelper.cpp">
      <Filter>Source Files\framework</Filter>
    </ClCompile>
    <ClCompile Include="Framework\Direct3DDevice.cpp">
      <Filter>Source Files\framework</Filter>
    </ClCompile>
    <ClCompile Include="Settings.cpp">
      <Filter>Source Files</Filter>
    </ClCompile>
    <ClCompile Include="Framework\SceneManager.cpp">
      <Filter>Source Files\framework</Filter>
    </ClCompile>
    <ClCompile Include="Framework\Camera.cpp">
      <Filter>Source Files\framework</Filter>
    </ClCompile>
    <ClCompile Include="Framework\Utils.cpp">
      <Filter>Source Files\framework</Filter>
    </ClCompile>
    <ClCompile Include="Scenes\TestScene.cpp">
      <Filter>Source Files\scenes</Filter>
    </ClCompile>
    <ClCompile Include="Framework\Base\Object.cpp">
      <Filter>Source Files\framework\base</Filter>
    </ClCompile>
    <ClCompile Include="Framework\Base\Transform.cpp">
      <Filter>Source Files\framework\base</Filter>
    </ClCompile>
    <ClCompile Include="Framework\Base\Component.cpp">
      <Filter>Source Files\framework\base</Filter>
    </ClCompile>
    <ClCompile Include="Framework\Base\Renderer.cpp">
      <Filter>Source Files\framework\base</Filter>
    </ClCompile>
    <ClCompile Include="framework\base\Time.cpp">
      <Filter>Source Files\framework\base</Filter>
    </ClCompile>
    <ClCompile Include="framework\DirectInputDevice.cpp">
      <Filter>Source Files\framework</Filter>
    </ClCompile>
    <ClCompile Include="framework\base\EventDispatcher.cpp">
      <Filter>Source Files\framework\base</Filter>
    </ClCompile>
    <ClCompile Include="framework\base\EventKeyboard.cpp">
      <Filter>Source Files\framework\base</Filter>
    </ClCompile>
    <ClCompile Include="framework\base\EventKeyboardListener.cpp">
      <Filter>Source Files\framework\base</Filter>
    </ClCompile>
    <ClCompile Include="framework\base\EventMouse.cpp">
      <Filter>Source Files\framework\base</Filter>
    </ClCompile>
    <ClCompile Include="framework\base\EventMouseListener.cpp">
      <Filter>Source Files\framework\base</Filter>
    </ClCompile>
    <ClCompile Include="framework\base\Mesh.cpp">
      <Filter>Source Files\framework\base</Filter>
    </ClCompile>
    <ClCompile Include="framework\renderer\MeshRenderer.cpp">
      <Filter>Source Files\framework\renderer</Filter>
    </ClCompile>
    <ClCompile Include="framework\renderer\CubeRenderer.cpp">
      <Filter>Source Files\framework\renderer</Filter>
    </ClCompile>
    <ClCompile Include="framework\geometry\Cube.cpp">
      <Filter>Source Files\framework\geometry</Filter>
    </ClCompile>
  </ItemGroup>
  <ItemGroup>
    <ClInclude Include="Framework\Game.h">
      <Filter>Source Files\framework</Filter>
    </ClInclude>
    <ClInclude Include="Framework\WindowsHelper.h">
      <Filter>Source Files\framework</Filter>
    </ClInclude>
    <ClInclude Include="Framework\Direct3DDevice.h">
      <Filter>Source Files\framework</Filter>
    </ClInclude>
    <ClInclude Include="Definitions.h">
      <Filter>Source Files</Filter>
    </ClInclude>
    <ClInclude Include="Framework\Base\Size.h">
      <Filter>Source Files\framework\base</Filter>
    </ClInclude>
    <ClInclude Include="Settings.h">
      <Filter>Source Files</Filter>
    </ClInclude>
    <ClInclude Include="Framework\Base\Object.h">
      <Filter>Source Files\framework\base</Filter>
    </ClInclude>
    <ClInclude Include="Framework\Base\Scene.h">
      <Filter>Source Files\framework\base</Filter>
    </ClInclude>
    <ClInclude Include="Framework\SceneManager.h">
      <Filter>Source Files\framework</Filter>
    </ClInclude>
    <ClInclude Include="Framework\TinyDefinitions.h">
      <Filter>Source Files\framework</Filter>
    </ClInclude>
    <ClInclude Include="Framework\Camera.h">
      <Filter>Source Files\framework</Filter>
    </ClInclude>
    <ClInclude Include="Framework\Utils.h">
      <Filter>Source Files\framework</Filter>
    </ClInclude>
    <ClInclude Include="Scenes\TestScene.h">
      <Filter>Source Files\scenes</Filter>
    </ClInclude>
    <ClInclude Include="Framework\Base\Component.h">
      <Filter>Source Files\framework\base</Filter>
    </ClInclude>
    <ClInclude Include="Framework\Base\Transform.h">
      <Filter>Source Files\framework\base</Filter>
    </ClInclude>
    <ClInclude Include="Framework\Base\Renderer.h">
      <Filter>Source Files\framework\base</Filter>
    </ClInclude>
    <ClInclude Include="Tiny3D.h">
      <Filter>Source Files</Filter>
    </ClInclude>
    <ClInclude Include="framework\base\Time.h">
      <Filter>Source Files\framework\base</Filter>
    </ClInclude>
    <ClInclude Include="framework\base\Event.h">
      <Filter>Source Files\framework\base</Filter>
    </ClInclude>
    <ClInclude Include="framework\base\EventListener.h">
      <Filter>Source Files\framework\base</Filter>
    </ClInclude>
    <ClInclude Include="framework\base\EventDispatcher.h">
      <Filter>Source Files\framework\base</Filter>
    </ClInclude>
    <ClInclude Include="framework\DirectInputDevice.h">
      <Filter>Source Files\framework</Filter>
    </ClInclude>
    <ClInclude Include="framework\base\EventKeyboard.h">
      <Filter>Source Files\framework\base</Filter>
    </ClInclude>
    <ClInclude Include="framework\base\EventKeyboardListener.h">
      <Filter>Source Files\framework\base</Filter>
    </ClInclude>
    <ClInclude Include="framework\base\EventMouse.h">
      <Filter>Source Files\framework\base</Filter>
    </ClInclude>
    <ClInclude Include="framework\base\EventMouseListener.h">
      <Filter>Source Files\framework\base</Filter>
    </ClInclude>
    <ClInclude Include="framework\base\Mesh.h">
      <Filter>Source Files\framework\base</Filter>
    </ClInclude>
    <ClInclude Include="framework\renderer\MeshRenderer.h">
      <Filter>Source Files\framework\renderer</Filter>
    </ClInclude>
    <ClInclude Include="framework\renderer\CubeRenderer.h">
      <Filter>Source Files\framework\renderer</Filter>
    </ClInclude>
    <ClInclude Include="framework\geometry\Cube.h">
      <Filter>Source Files\framework\geometry</Filter>
    </ClInclude>
  </ItemGroup>
</Project>